
Microsoft Visual Studio Solution File, Format Version 12.00
# Visual Studio 14
VisualStudioVersion = 14.0.25420.1
MinimumVisualStudioVersion = 10.0.40219.1
Project("{FAE04EC0-301F-11D3-BF4B-00C04F79EFBC}") = "PortalDatos.Web", "PortalDatos.Web\PortalDatos.Web.csproj", "{9EA05AB5-3D9D-41F0-9B11-6864CEA77D56}"
EndProject
Project("{FAE04EC0-301F-11D3-BF4B-00C04F79EFBC}") = "PortalDatos.webAdmin", "PortalDatos.webAdmin\PortalDatos.webAdmin.csproj", "{7E2C64F0-23AB-4AAF-A832-4EE4EC4321B3}"
EndProject
Project("{FAE04EC0-301F-11D3-BF4B-00C04F79EFBC}") = "PortalDatos.Win", "PortalDatos.Win\PortalDatos.Win.csproj", "{730B853D-9083-4001-8F85-807EBC41D53A}"
EndProject
Project("{FAE04EC0-301F-11D3-BF4B-00C04F79EFBC}") = "PortalDatos.BL", "PortalDatos.BL\PortalDatos.BL.csproj", "{98593A3E-E41C-4BFF-9D5F-405B3679D9DC}"
EndProject
Global
	GlobalSection(SolutionConfigurationPlatforms) = preSolution
		Debug|Any CPU = Debug|Any CPU
		Release|Any CPU = Release|Any CPU
	EndGlobalSection
	GlobalSection(ProjectConfigurationPlatforms) = postSolution
		{9EA05AB5-3D9D-41F0-9B11-6864CEA77D56}.Debug|Any CPU.ActiveCfg = Debug|Any CPU
		{9EA05AB5-3D9D-41F0-9B11-6864CEA77D56}.Debug|Any CPU.Build.0 = Debug|Any CPU
		{9EA05AB5-3D9D-41F0-9B11-6864CEA77D56}.Release|Any CPU.ActiveCfg = Release|Any CPU
		{9EA05AB5-3D9D-41F0-9B11-6864CEA77D56}.Release|Any CPU.Build.0 = Release|Any CPU
		{7E2C64F0-23AB-4AAF-A832-4EE4EC4321B3}.Debug|Any CPU.ActiveCfg = Debug|Any CPU
		{7E2C64F0-23AB-4AAF-A832-4EE4EC4321B3}.Debug|Any CPU.Build.0 = Debug|Any CPU
		{7E2C64F0-23AB-4AAF-A832-4EE4EC4321B3}.Release|Any CPU.ActiveCfg = Release|Any CPU
		{7E2C64F0-23AB-4AAF-A832-4EE4EC4321B3}.Release|Any CPU.Build.0 = Release|Any CPU
		{730B853D-9083-4001-8F85-807EBC41D53A}.Debug|Any CPU.ActiveCfg = Debug|Any CPU
		{730B853D-9083-4001-8F85-807EBC41D53A}.Debug|Any CPU.Build.0 = Debug|Any CPU
		{730B853D-9083-4001-8F85-807EBC41D53A}.Release|Any CPU.ActiveCfg = Release|Any CPU
		{730B853D-9083-4001-8F85-807EBC41D53A}.Release|Any CPU.Build.0 = Release|Any CPU
		{98593A3E-E41C-4BFF-9D5F-405B3679D9DC}.Debug|Any CPU.ActiveCfg = Debug|Any CPU
		{98593A3E-E41C-4BFF-9D5F-405B3679D9DC}.Debug|Any CPU.Build.0 = Debug|Any CPU
		{98593A3E-E41C-4BFF-9D5F-405B3679D9DC}.Release|Any CPU.ActiveCfg = Release|Any CPU
		{98593A3E-E41C-4BFF-9D5F-405B3679D9DC}.Release|Any CPU.Build.0 = Release|Any CPU
	EndGlobalSection
	GlobalSection(SolutionProperties) = preSolution
		HideSolutionNode = FALSE
	EndGlobalSection
EndGlobal
